
Microsoft Visual Studio Solution File, Format Version 12.00
# Visual Studio 2013
VisualStudioVersion = 12.0.31101.0
MinimumVisualStudioVersion = 10.0.40219.1
Project("{FAE04EC0-301F-11D3-BF4B-00C04F79EFBC}") = "UniRitter.UniRitter2015.Specs", "UniRitter.UniRitter2015.Specs\UniRitter.UniRitter2015.Specs.csproj", "{EC223770-6B20-4F47-B128-CB27842DA01D}"
EndProject
Project("{2150E333-8FDC-42A3-9474-1A3956D46DE8}") = ".nuget", ".nuget", "{13D803F1-964C-495F-BA2E-6734ED7CAD1B}"
	ProjectSection(SolutionItems) = preProject
		.nuget\NuGet.Config = .nuget\NuGet.Config
		.nuget\NuGet.exe = .nuget\NuGet.exe
		.nuget\NuGet.targets = .nuget\NuGet.targets
	EndProjectSection
EndProject
Project("{FAE04EC0-301F-11D3-BF4B-00C04F79EFBC}") = "UniRitter.UniRitter2015", "UniRitter.UniRitter2015\UniRitter.UniRitter2015.csproj", "{EC0DD017-B973-452A-803C-828268A5C57D}"
EndProject
Global
	GlobalSection(SolutionConfigurationPlatforms) = preSolution
		Debug|Any CPU = Debug|Any CPU
		Release|Any CPU = Release|Any CPU
	EndGlobalSection
	GlobalSection(ProjectConfigurationPlatforms) = postSolution
		{EC223770-6B20-4F47-B128-CB27842DA01D}.Debug|Any CPU.ActiveCfg = Debug|Any CPU
		{EC223770-6B20-4F47-B128-CB27842DA01D}.Debug|Any CPU.Build.0 = Debug|Any CPU
		{EC223770-6B20-4F47-B128-CB27842DA01D}.Release|Any CPU.ActiveCfg = Release|Any CPU
		{EC223770-6B20-4F47-B128-CB27842DA01D}.Release|Any CPU.Build.0 = Release|Any CPU
		{EC0DD017-B973-452A-803C-828268A5C57D}.Debug|Any CPU.ActiveCfg = Debug|Any CPU
		{EC0DD017-B973-452A-803C-828268A5C57D}.Debug|Any CPU.Build.0 = Debug|Any CPU
		{EC0DD017-B973-452A-803C-828268A5C57D}.Release|Any CPU.ActiveCfg = Release|Any CPU
		{EC0DD017-B973-452A-803C-828268A5C57D}.Release|Any CPU.Build.0 = Release|Any CPU
	EndGlobalSection
	GlobalSection(SolutionProperties) = preSolution
		HideSolutionNode = FALSE
	EndGlobalSection
EndGlobal
